
Microsoft Visual Studio Solution File, Format Version 12.00
# Visual Studio Version 16
VisualStudioVersion = 16.0.29009.5
MinimumVisualStudioVersion = 10.0.40219.1
Project("{FAE04EC0-301F-11D3-BF4B-00C04F79EFBC}") = "RestaurantRateMVC", "RestaurantRateMVC\RestaurantRateMVC.csproj", "{56613866-49BE-4259-A106-603338E98CDF}"
EndProject
Global
	GlobalSection(SolutionConfigurationPlatforms) = preSolution
		Debug|Any CPU = Debug|Any CPU
		Release|Any CPU = Release|Any CPU
	EndGlobalSection
	GlobalSection(ProjectConfigurationPlatforms) = postSolution
		{56613866-49BE-4259-A106-603338E98CDF}.Debug|Any CPU.ActiveCfg = Debug|Any CPU
		{56613866-49BE-4259-A106-603338E98CDF}.Debug|Any CPU.Build.0 = Debug|Any CPU
		{56613866-49BE-4259-A106-603338E98CDF}.Release|Any CPU.ActiveCfg = Release|Any CPU
		{56613866-49BE-4259-A106-603338E98CDF}.Release|Any CPU.Build.0 = Release|Any CPU
	EndGlobalSection
	GlobalSection(SolutionProperties) = preSolution
		HideSolutionNode = FALSE
	EndGlobalSection
	GlobalSection(ExtensibilityGlobals) = postSolution
		SolutionGuid = {372C862A-AD5A-4DD3-AB59-483187159B93}
	EndGlobalSection
EndGlobal
